
Microsoft Visual Studio Solution File, Format Version 9.00
# Visual Studio 2005
Project("{8BC9CEB8-8B4A-11D0-8D11-00A0C91BC942}") = "AveSkinProvider", "AveSkinProvider\AveSkinProvider.vcproj", "{BACA6AD6-8EF7-4085-8FDF-5599280576AF}"
EndProject
Global
	GlobalSection(SolutionConfigurationPlatforms) = preSolution
		Debug|Win32 = Debug|Win32
		Release|Win32 = Release|Win32
	EndGlobalSection
	GlobalSection(ProjectConfigurationPlatforms) = postSolution
		{BACA6AD6-8EF7-4085-8FDF-5599280576AF}.Debug|Win32.ActiveCfg = Debug|Win32
		{BACA6AD6-8EF7-4085-8FDF-5599280576AF}.Debug|Win32.Build.0 = Debug|Win32
		{BACA6AD6-8EF7-4085-8FDF-5599280576AF}.Release|Win32.ActiveCfg = Release|Win32
		{BACA6AD6-8EF7-4085-8FDF-5599280576AF}.Release|Win32.Build.0 = Release|Win32
	EndGlobalSection
	GlobalSection(SolutionProperties) = preSolution
		HideSolutionNode = FALSE
	EndGlobalSection
EndGlobal
